
Microsoft Visual Studio Solution File, Format Version 12.00
# Visual Studio 14
VisualStudioVersion = 14.0.23107.0
MinimumVisualStudioVersion = 10.0.40219.1
Project("{2150E333-8FDC-42A3-9474-1A3956D46DE8}") = "PdfViewerSample", "PdfViewerSample", "{04BC7E0B-327E-4807-A076-52D8FB21980E}"
EndProject
Project("{D954291E-2A0B-460D-934E-DC6B0785DB48}") = "PdfViewerSample.Shared", "PdfViewerSample\PdfViewerSample.Shared\PdfViewerSample.Shared.shproj", "{0129ED5A-56BF-4E5A-B7AB-1BAD4FAAB53F}"
EndProject
Project("{FAE04EC0-301F-11D3-BF4B-00C04F79EFBC}") = "PdfViewerSample.Windows", "PdfViewerSample\PdfViewerSample.Windows\PdfViewerSample.Windows.csproj", "{509B5DE6-2437-4A10-8A10-CFBF996A292A}"
EndProject
Project("{FAE04EC0-301F-11D3-BF4B-00C04F79EFBC}") = "PdfViewerSample.WindowsPhone", "PdfViewerSample\PdfViewerSample.WindowsPhone\PdfViewerSample.WindowsPhone.csproj", "{378F8DF9-47EB-4FCA-AD6A-2813E7612BDF}"
EndProject
Global
	GlobalSection(SharedMSBuildProjectFiles) = preSolution
		PdfViewerSample\PdfViewerSample.Shared\PdfViewerSample.Shared.projitems*{509b5de6-2437-4a10-8a10-cfbf996a292a}*SharedItemsImports = 4
		PdfViewerSample\PdfViewerSample.Shared\PdfViewerSample.Shared.projitems*{0129ed5a-56bf-4e5a-b7ab-1bad4faab53f}*SharedItemsImports = 13
		PdfViewerSample\PdfViewerSample.Shared\PdfViewerSample.Shared.projitems*{378f8df9-47eb-4fca-ad6a-2813e7612bdf}*SharedItemsImports = 4
	EndGlobalSection
	GlobalSection(SolutionConfigurationPlatforms) = preSolution
		Debug|Any CPU = Debug|Any CPU
		Debug|ARM = Debug|ARM
		Debug|x64 = Debug|x64
		Debug|x86 = Debug|x86
		Release|Any CPU = Release|Any CPU
		Release|ARM = Release|ARM
		Release|x64 = Release|x64
		Release|x86 = Release|x86
	EndGlobalSection
	GlobalSection(ProjectConfigurationPlatforms) = postSolution
		{509B5DE6-2437-4A10-8A10-CFBF996A292A}.Debug|Any CPU.ActiveCfg = Debug|Any CPU
		{509B5DE6-2437-4A10-8A10-CFBF996A292A}.Debug|Any CPU.Build.0 = Debug|Any CPU
		{509B5DE6-2437-4A10-8A10-CFBF996A292A}.Debug|Any CPU.Deploy.0 = Debug|Any CPU
		{509B5DE6-2437-4A10-8A10-CFBF996A292A}.Debug|ARM.ActiveCfg = Debug|ARM
		{509B5DE6-2437-4A10-8A10-CFBF996A292A}.Debug|ARM.Build.0 = Debug|ARM
		{509B5DE6-2437-4A10-8A10-CFBF996A292A}.Debug|ARM.Deploy.0 = Debug|ARM
		{509B5DE6-2437-4A10-8A10-CFBF996A292A}.Debug|x64.ActiveCfg = Debug|x64
		{509B5DE6-2437-4A10-8A10-CFBF996A292A}.Debug|x64.Build.0 = Debug|x64
		{509B5DE6-2437-4A10-8A10-CFBF996A292A}.Debug|x64.Deploy.0 = Debug|x64
		{509B5DE6-2437-4A10-8A10-CFBF996A292A}.Debug|x86.ActiveCfg = Debug|x86
		{509B5DE6-2437-4A10-8A10-CFBF996A292A}.Debug|x86.Build.0 = Debug|x86
		{509B5DE6-2437-4A10-8A10-CFBF996A292A}.Debug|x86.Deploy.0 = Debug|x86
		{509B5DE6-2437-4A10-8A10-CFBF996A292A}.Release|Any CPU.ActiveCfg = Release|Any CPU
		{509B5DE6-2437-4A10-8A10-CFBF996A292A}.Release|Any CPU.Build.0 = Release|Any CPU
		{509B5DE6-2437-4A10-8A10-CFBF996A292A}.Release|Any CPU.Deploy.0 = Release|Any CPU
		{509B5DE6-2437-4A10-8A10-CFBF996A292A}.Release|ARM.ActiveCfg = Release|ARM
		{509B5DE6-2437-4A10-8A10-CFBF996A292A}.Release|ARM.Build.0 = Release|ARM
		{509B5DE6-2437-4A10-8A10-CFBF996A292A}.Release|ARM.Deploy.0 = Release|ARM
		{509B5DE6-2437-4A10-8A10-CFBF996A292A}.Release|x64.ActiveCfg = Release|x64
		{509B5DE6-2437-4A10-8A10-CFBF996A292A}.Release|x64.Build.0 = Release|x64
		{509B5DE6-2437-4A10-8A10-CFBF996A292A}.Release|x64.Deploy.0 = Release|x64
		{509B5DE6-2437-4A10-8A10-CFBF996A292A}.Release|x86.ActiveCfg = Release|x86
		{509B5DE6-2437-4A10-8A10-CFBF996A292A}.Release|x86.Build.0 = Release|x86
		{509B5DE6-2437-4A10-8A10-CFBF996A292A}.Release|x86.Deploy.0 = Release|x86
		{378F8DF9-47EB-4FCA-AD6A-2813E7612BDF}.Debug|Any CPU.ActiveCfg = Debug|Any CPU
		{378F8DF9-47EB-4FCA-AD6A-2813E7612BDF}.Debug|Any CPU.Build.0 = Debug|Any CPU
		{378F8DF9-47EB-4FCA-AD6A-2813E7612BDF}.Debug|Any CPU.Deploy.0 = Debug|Any CPU
		{378F8DF9-47EB-4FCA-AD6A-2813E7612BDF}.Debug|ARM.ActiveCfg = Debug|ARM
		{378F8DF9-47EB-4FCA-AD6A-2813E7612BDF}.Debug|ARM.Build.0 = Debug|ARM
		{378F8DF9-47EB-4FCA-AD6A-2813E7612BDF}.Debug|ARM.Deploy.0 = Debug|ARM
		{378F8DF9-47EB-4FCA-AD6A-2813E7612BDF}.Debug|x64.ActiveCfg = Debug|Any CPU
		{378F8DF9-47EB-4FCA-AD6A-2813E7612BDF}.Debug|x64.Build.0 = Debug|Any CPU
		{378F8DF9-47EB-4FCA-AD6A-2813E7612BDF}.Debug|x64.Deploy.0 = Debug|Any CPU
		{378F8DF9-47EB-4FCA-AD6A-2813E7612BDF}.Debug|x86.ActiveCfg = Debug|x86
		{378F8DF9-47EB-4FCA-AD6A-2813E7612BDF}.Debug|x86.Build.0 = Debug|x86
		{378F8DF9-47EB-4FCA-AD6A-2813E7612BDF}.Debug|x86.Deploy.0 = Debug|x86
		{378F8DF9-47EB-4FCA-AD6A-2813E7612BDF}.Release|Any CPU.ActiveCfg = Release|Any CPU
		{378F8DF9-47EB-4FCA-AD6A-2813E7612BDF}.Release|Any CPU.Build.0 = Release|Any CPU
		{378F8DF9-47EB-4FCA-AD6A-2813E7612BDF}.Release|Any CPU.Deploy.0 = Release|Any CPU
		{378F8DF9-47EB-4FCA-AD6A-2813E7612BDF}.Release|ARM.ActiveCfg = Release|ARM
		{378F8DF9-47EB-4FCA-AD6A-2813E7612BDF}.Release|ARM.Build.0 = Release|ARM
		{378F8DF9-47EB-4FCA-AD6A-2813E7612BDF}.Release|ARM.Deploy.0 = Release|ARM
		{378F8DF9-47EB-4FCA-AD6A-2813E7612BDF}.Release|x64.ActiveCfg = Release|Any CPU
		{378F8DF9-47EB-4FCA-AD6A-2813E7612BDF}.Release|x64.Build.0 = Release|Any CPU
		{378F8DF9-47EB-4FCA-AD6A-2813E7612BDF}.Release|x64.Deploy.0 = Release|Any CPU
		{378F8DF9-47EB-4FCA-AD6A-2813E7612BDF}.Release|x86.ActiveCfg = Release|x86
		{378F8DF9-47EB-4FCA-AD6A-2813E7612BDF}.Release|x86.Build.0 = Release|x86
		{378F8DF9-47EB-4FCA-AD6A-2813E7612BDF}.Release|x86.Deploy.0 = Release|x86
	EndGlobalSection
	GlobalSection(SolutionProperties) = preSolution
		HideSolutionNode = FALSE
	EndGlobalSection
	GlobalSection(NestedProjects) = preSolution
		{0129ED5A-56BF-4E5A-B7AB-1BAD4FAAB53F} = {04BC7E0B-327E-4807-A076-52D8FB21980E}
		{509B5DE6-2437-4A10-8A10-CFBF996A292A} = {04BC7E0B-327E-4807-A076-52D8FB21980E}
		{378F8DF9-47EB-4FCA-AD6A-2813E7612BDF} = {04BC7E0B-327E-4807-A076-52D8FB21980E}
	EndGlobalSection
EndGlobal
